Microsoft Visual Studio Solution File, Format Version 12.00
# Visual Studio Version 17
VisualStudioVersion = 17.5.2.0
MinimumVisualStudioVersion = 10.0.40219.1
Project("{FAE04EC0-301F-11D3-BF4B-00C04F79EFBC}") = "AirlineWeb", "AirlineWeb\AirlineWeb.csproj", "{B589676E-3C50-FA5B-0C8F-66EED14F121C}"
EndProject
Global
	GlobalSection(SolutionConfigurationPlatforms) = preSolution
		Debug|Any CPU = Debug|Any CPU
		Release|Any CPU = Release|Any CPU
	EndGlobalSection
	GlobalSection(ProjectConfigurationPlatforms) = postSolution
		{B589676E-3C50-FA5B-0C8F-66EED14F121C}.Debug|Any CPU.ActiveCfg = Debug|Any CPU
		{B589676E-3C50-FA5B-0C8F-66EED14F121C}.Debug|Any CPU.Build.0 = Debug|Any CPU
		{B589676E-3C50-FA5B-0C8F-66EED14F121C}.Release|Any CPU.ActiveCfg = Release|Any CPU
		{B589676E-3C50-FA5B-0C8F-66EED14F121C}.Release|Any CPU.Build.0 = Release|Any CPU
	EndGlobalSection
	GlobalSection(SolutionProperties) = preSolution
		HideSolutionNode = FALSE
	EndGlobalSection
	GlobalSection(ExtensibilityGlobals) = postSolution
		SolutionGuid = {03488DF0-6F3C-4355-840D-380BA50B516D}
	EndGlobalSection
EndGlobal
